// !$*UTF8*$!
{
	archiveVersion = 1;
	classes = {
	};
	objectVersion = 56;
	objects = {

/* Begin PBXBuildFile section */
		E11369E62C8BD9F700342E97 /* Building.swift in Sources */ = {isa = PBXBuildFile; fileRef = E11369E52C8BD9F700342E97 /* Building.swift */; };
		E11369E82C8BDDAD00342E97 /* Buildings.swift in Sources */ = {isa = PBXBuildFile; fileRef = E11369E72C8BDDAD00342E97 /* Buildings.swift */; };
		E11B276C2C869887000C8D0D /* Employee.swift in Sources */ = {isa = PBXBuildFile; fileRef = E11B276B2C869887000C8D0D /* Employee.swift */; };
		E141A86F2C81675A002FCE23 /* GameView.swift in Sources */ = {isa = PBXBuildFile; fileRef = E141A86E2C81675A002FCE23 /* GameView.swift */; };
		E141A8712C81690B002FCE23 /* GameState.swift in Sources */ = {isa = PBXBuildFile; fileRef = E141A8702C81690B002FCE23 /* GameState.swift */; };
		E141A8742C816E75002FCE23 /* InventoryView.swift in Sources */ = {isa = PBXBuildFile; fileRef = E141A8732C816E75002FCE23 /* InventoryView.swift */; };
		E141A8762C816F25002FCE23 /* WorkView.swift in Sources */ = {isa = PBXBuildFile; fileRef = E141A8752C816F25002FCE23 /* WorkView.swift */; };
		E141A8782C816F68002FCE23 /* EmployeeView.swift in Sources */ = {isa = PBXBuildFile; fileRef = E141A8772C816F68002FCE23 /* EmployeeView.swift */; };
		E141A87A2C816FAE002FCE23 /* StoreView.swift in Sources */ = {isa = PBXBuildFile; fileRef = E141A8792C816FAE002FCE23 /* StoreView.swift */; };
		E141A87C2C8170A3002FCE23 /* InventoryItem.swift in Sources */ = {isa = PBXBuildFile; fileRef = E141A87B2C8170A3002FCE23 /* InventoryItem.swift */; };
		E141A87E2C81718B002FCE23 /* InventoryItems.swift in Sources */ = {isa = PBXBuildFile; fileRef = E141A87D2C81718B002FCE23 /* InventoryItems.swift */; };
		E18975442C8E362C0019C062 /* StoreProductView.swift in Sources */ = {isa = PBXBuildFile; fileRef = E18975432C8E362C0019C062 /* StoreProductView.swift */; };
		E1A6766B2C82902200494BEC /* StoreItems.swift in Sources */ = {isa = PBXBuildFile; fileRef = E1A6766A2C82902200494BEC /* StoreItems.swift */; };
		E1A676702C82AA1900494BEC /* Vehicles.swift in Sources */ = {isa = PBXBuildFile; fileRef = E1A6766F2C82AA1900494BEC /* Vehicles.swift */; };
		E1A676722C82B80E00494BEC /* Vehicle.swift in Sources */ = {isa = PBXBuildFile; fileRef = E1A676712C82B80E00494BEC /* Vehicle.swift */; };
		E1D9C17B2C8E4FC800872DE7 /* StoreEquipmentView.swift in Sources */ = {isa = PBXBuildFile; fileRef = E1D9C17A2C8E4FC800872DE7 /* StoreEquipmentView.swift */; };
		E1DA29A42C80E85200AD84A6 /* DetailEmpireApp.swift in Sources */ = {isa = PBXBuildFile; fileRef = E1DA29A32C80E85200AD84A6 /* DetailEmpireApp.swift */; };
		E1DA29A62C80E85200AD84A6 /* ContentView.swift in Sources */ = {isa = PBXBuildFile; fileRef = E1DA29A52C80E85200AD84A6 /* ContentView.swift */; };
		E1DA29A82C80E85300AD84A6 /* Assets.xcassets in Resources */ = {isa = PBXBuildFile; fileRef = E1DA29A72C80E85300AD84A6 /* Assets.xcassets */; };
		E1DA29AB2C80E85300AD84A6 /* Preview Assets.xcassets in Resources */ = {isa = PBXBuildFile; fileRef = E1DA29AA2C80E85300AD84A6 /* Preview Assets.xcassets */; };
		E1DA29B52C80E85300AD84A6 /* DetailEmpireTests.swift in Sources */ = {isa = PBXBuildFile; fileRef = E1DA29B42C80E85300AD84A6 /* DetailEmpireTests.swift */; };
		E1DA29BF2C80E85300AD84A6 /* DetailEmpireUITests.swift in Sources */ = {isa = PBXBuildFile; fileRef = E1DA29BE2C80E85300AD84A6 /* DetailEmpireUITests.swift */; };
		E1DA29C12C80E85300AD84A6 /* DetailEmpireUITestsLaunchTests.swift in Sources */ = {isa = PBXBuildFile; fileRef = E1DA29C02C80E85300AD84A6 /* DetailEmpireUITestsLaunchTests.swift */; };
		E1DA29D12C8147F800AD84A6 /* OptionsView.swift in Sources */ = {isa = PBXBuildFile; fileRef = E1DA29D02C8147F800AD84A6 /* OptionsView.swift */; };
/* End PBXBuildFile section */

/* Begin PBXContainerItemProxy section */
		E1DA29B12C80E85300AD84A6 /* PBXContainerItemProxy */ = {
			isa = PBXContainerItemProxy;
			containerPortal = E1DA29982C80E85200AD84A6 /* Project object */;
			proxyType = 1;
			remoteGlobalIDString = E1DA299F2C80E85200AD84A6;
			remoteInfo = DetailEmpire;
		};
		E1DA29BB2C80E85300AD84A6 /* PBXContainerItemProxy */ = {
			isa = PBXContainerItemProxy;
			containerPortal = E1DA29982C80E85200AD84A6 /* Project object */;
			proxyType = 1;
			remoteGlobalIDString = E1DA299F2C80E85200AD84A6;
			remoteInfo = DetailEmpire;
		};
/* End PBXContainerItemProxy section */

/* Begin PBXFileReference section */
		E11369E52C8BD9F700342E97 /* Building.swift */ = {isa = PBXFileReference; lastKnownFileType = sourcecode.swift; path = Building.swift; sourceTree = "<group>"; };
		E11369E72C8BDDAD00342E97 /* Buildings.swift */ = {isa = PBXFileReference; lastKnownFileType = sourcecode.swift; path = Buildings.swift; sourceTree = "<group>"; };
		E11B276B2C869887000C8D0D /* Employee.swift */ = {isa = PBXFileReference; lastKnownFileType = sourcecode.swift; path = Employee.swift; sourceTree = "<group>"; };
		E141A86E2C81675A002FCE23 /* GameView.swift */ = {isa = PBXFileReference; lastKnownFileType = sourcecode.swift; path = GameView.swift; sourceTree = "<group>"; };
		E141A8702C81690B002FCE23 /* GameState.swift */ = {isa = PBXFileReference; lastKnownFileType = sourcecode.swift; path = GameState.swift; sourceTree = "<group>"; };
		E141A8732C816E75002FCE23 /* InventoryView.swift */ = {isa = PBXFileReference; lastKnownFileType = sourcecode.swift; path = InventoryView.swift; sourceTree = "<group>"; };
		E141A8752C816F25002FCE23 /* WorkView.swift */ = {isa = PBXFileReference; lastKnownFileType = sourcecode.swift; path = WorkView.swift; sourceTree = "<group>"; };
		E141A8772C816F68002FCE23 /* EmployeeView.swift */ = {isa = PBXFileReference; lastKnownFileType = sourcecode.swift; path = EmployeeView.swift; sourceTree = "<group>"; };
		E141A8792C816FAE002FCE23 /* StoreView.swift */ = {isa = PBXFileReference; lastKnownFileType = sourcecode.swift; path = StoreView.swift; sourceTree = "<group>"; };
		E141A87B2C8170A3002FCE23 /* InventoryItem.swift */ = {isa = PBXFileReference; lastKnownFileType = sourcecode.swift; path = InventoryItem.swift; sourceTree = "<group>"; };
		E141A87D2C81718B002FCE23 /* InventoryItems.swift */ = {isa = PBXFileReference; lastKnownFileType = sourcecode.swift; name = InventoryItems.swift; path = ../Components/InventoryItems.swift; sourceTree = "<group>"; };
		E18975432C8E362C0019C062 /* StoreProductView.swift */ = {isa = PBXFileReference; lastKnownFileType = sourcecode.swift; path = StoreProductView.swift; sourceTree = "<group>"; };
		E1A6766A2C82902200494BEC /* StoreItems.swift */ = {isa = PBXFileReference; lastKnownFileType = sourcecode.swift; name = StoreItems.swift; path = ../Components/StoreItems.swift; sourceTree = "<group>"; };
		E1A6766C2C82940500494BEC /* notes.md */ = {isa = PBXFileReference; lastKnownFileType = net.daringfireball.markdown; path = notes.md; sourceTree = "<group>"; };
		E1A6766F2C82AA1900494BEC /* Vehicles.swift */ = {isa = PBXFileReference; lastKnownFileType = sourcecode.swift; name = Vehicles.swift; path = ../Components/Vehicles.swift; sourceTree = "<group>"; };
		E1A676712C82B80E00494BEC /* Vehicle.swift */ = {isa = PBXFileReference; lastKnownFileType = sourcecode.swift; path = Vehicle.swift; sourceTree = "<group>"; };
		E1D9C17A2C8E4FC800872DE7 /* StoreEquipmentView.swift */ = {isa = PBXFileReference; lastKnownFileType = sourcecode.swift; path = StoreEquipmentView.swift; sourceTree = "<group>"; };
		E1DA29A02C80E85200AD84A6 /* DetailEmpire.app */ = {isa = PBXFileReference; explicitFileType = wrapper.application; includeInIndex = 0; path = DetailEmpire.app; sourceTree = BUILT_PRODUCTS_DIR; };
		E1DA29A32C80E85200AD84A6 /* DetailEmpireApp.swift */ = {isa = PBXFileReference; lastKnownFileType = sourcecode.swift; path = DetailEmpireApp.swift; sourceTree = "<group>"; };
		E1DA29A52C80E85200AD84A6 /* ContentView.swift */ = {isa = PBXFileReference; lastKnownFileType = sourcecode.swift; path = ContentView.swift; sourceTree = "<group>"; };
		E1DA29A72C80E85300AD84A6 /* Assets.xcassets */ = {isa = PBXFileReference; lastKnownFileType = folder.assetcatalog; path = Assets.xcassets; sourceTree = "<group>"; };
		E1DA29AA2C80E85300AD84A6 /* Preview Assets.xcassets */ = {isa = PBXFileReference; lastKnownFileType = folder.assetcatalog; path = "Preview Assets.xcassets"; sourceTree = "<group>"; };
		E1DA29B02C80E85300AD84A6 /* DetailEmpireTests.xctest */ = {isa = PBXFileReference; explicitFileType = wrapper.cfbundle; includeInIndex = 0; path = DetailEmpireTests.xctest; sourceTree = BUILT_PRODUCTS_DIR; };
		E1DA29B42C80E85300AD84A6 /* DetailEmpireTests.swift */ = {isa = PBXFileReference; lastKnownFileType = sourcecode.swift; path = DetailEmpireTests.swift; sourceTree = "<group>"; };
		E1DA29BA2C80E85300AD84A6 /* DetailEmpireUITests.xctest */ = {isa = PBXFileReference; explicitFileType = wrapper.cfbundle; includeInIndex = 0; path = DetailEmpireUITests.xctest; sourceTree = BUILT_PRODUCTS_DIR; };
		E1DA29BE2C80E85300AD84A6 /* DetailEmpireUITests.swift */ = {isa = PBXFileReference; lastKnownFileType = sourcecode.swift; path = DetailEmpireUITests.swift; sourceTree = "<group>"; };
		E1DA29C02C80E85300AD84A6 /* DetailEmpireUITestsLaunchTests.swift */ = {isa = PBXFileReference; lastKnownFileType = sourcecode.swift; path = DetailEmpireUITestsLaunchTests.swift; sourceTree = "<group>"; };
		E1DA29D02C8147F800AD84A6 /* OptionsView.swift */ = {isa = PBXFileReference; lastKnownFileType = sourcecode.swift; path = OptionsView.swift; sourceTree = "<group>"; };
/* End PBXFileReference section */

/* Begin PBXFrameworksBuildPhase section */
		E1DA299D2C80E85200AD84A6 /* Frameworks */ = {
			isa = PBXFrameworksBuildPhase;
			buildActionMask = 2147483647;
			files = (
			);
			runOnlyForDeploymentPostprocessing = 0;
		};
		E1DA29AD2C80E85300AD84A6 /* Frameworks */ = {
			isa = PBXFrameworksBuildPhase;
			buildActionMask = 2147483647;
			files = (
			);
			runOnlyForDeploymentPostprocessing = 0;
		};
		E1DA29B72C80E85300AD84A6 /* Frameworks */ = {
			isa = PBXFrameworksBuildPhase;
			buildActionMask = 2147483647;
			files = (
			);
			runOnlyForDeploymentPostprocessing = 0;
		};
/* End PBXFrameworksBuildPhase section */

/* Begin PBXGroup section */
		E141A8722C816E5B002FCE23 /* ToolbarViews */ = {
			isa = PBXGroup;
			children = (
				E18975422C8E36170019C062 /* StoreViews */,
				E141A8732C816E75002FCE23 /* InventoryView.swift */,
				E141A8752C816F25002FCE23 /* WorkView.swift */,
				E141A8772C816F68002FCE23 /* EmployeeView.swift */,
				E141A8792C816FAE002FCE23 /* StoreView.swift */,
			);
			path = ToolbarViews;
			sourceTree = "<group>";
		};
		E18975422C8E36170019C062 /* StoreViews */ = {
			isa = PBXGroup;
			children = (
				E18975432C8E362C0019C062 /* StoreProductView.swift */,
				E1D9C17A2C8E4FC800872DE7 /* StoreEquipmentView.swift */,
			);
			path = StoreViews;
			sourceTree = "<group>";
		};
		E1DA29972C80E85200AD84A6 = {
			isa = PBXGroup;
			children = (
				E1DA29A22C80E85200AD84A6 /* DetailEmpire */,
				E1DA29B32C80E85300AD84A6 /* DetailEmpireTests */,
				E1DA29BD2C80E85300AD84A6 /* DetailEmpireUITests */,
				E1DA29A12C80E85200AD84A6 /* Products */,
			);
			sourceTree = "<group>";
		};
		E1DA29A12C80E85200AD84A6 /* Products */ = {
			isa = PBXGroup;
			children = (
				E1DA29A02C80E85200AD84A6 /* DetailEmpire.app */,
				E1DA29B02C80E85300AD84A6 /* DetailEmpireTests.xctest */,
				E1DA29BA2C80E85300AD84A6 /* DetailEmpireUITests.xctest */,
			);
			name = Products;
			sourceTree = "<group>";
		};
		E1DA29A22C80E85200AD84A6 /* DetailEmpire */ = {
			isa = PBXGroup;
			children = (
				E1DA29D22C8149B900AD84A6 /* Components */,
				E1DA29CF2C80E89800AD84A6 /* Utils */,
				E1DA29CE2C80E89200AD84A6 /* Models */,
				E1DA29A32C80E85200AD84A6 /* DetailEmpireApp.swift */,
				E1DA29CD2C80E87300AD84A6 /* Views */,
				E1DA29A72C80E85300AD84A6 /* Assets.xcassets */,
				E1DA29A92C80E85300AD84A6 /* Preview Content */,
				E1A6766C2C82940500494BEC /* notes.md */,
			);
			path = DetailEmpire;
			sourceTree = "<group>";
		};
		E1DA29A92C80E85300AD84A6 /* Preview Content */ = {
			isa = PBXGroup;
			children = (
				E1DA29AA2C80E85300AD84A6 /* Preview Assets.xcassets */,
			);
			path = "Preview Content";
			sourceTree = "<group>";
		};
		E1DA29B32C80E85300AD84A6 /* DetailEmpireTests */ = {
			isa = PBXGroup;
			children = (
				E1DA29B42C80E85300AD84A6 /* DetailEmpireTests.swift */,
			);
			path = DetailEmpireTests;
			sourceTree = "<group>";
		};
		E1DA29BD2C80E85300AD84A6 /* DetailEmpireUITests */ = {
			isa = PBXGroup;
			children = (
				E1DA29BE2C80E85300AD84A6 /* DetailEmpireUITests.swift */,
				E1DA29C02C80E85300AD84A6 /* DetailEmpireUITestsLaunchTests.swift */,
			);
			path = DetailEmpireUITests;
			sourceTree = "<group>";
		};
		E1DA29CD2C80E87300AD84A6 /* Views */ = {
			isa = PBXGroup;
			children = (
				E141A8722C816E5B002FCE23 /* ToolbarViews */,
				E1DA29A52C80E85200AD84A6 /* ContentView.swift */,
				E1DA29D02C8147F800AD84A6 /* OptionsView.swift */,
				E141A86E2C81675A002FCE23 /* GameView.swift */,
			);
			path = Views;
			sourceTree = "<group>";
		};
		E1DA29CE2C80E89200AD84A6 /* Models */ = {
			isa = PBXGroup;
			children = (
				E141A87D2C81718B002FCE23 /* InventoryItems.swift */,
				E1A6766A2C82902200494BEC /* StoreItems.swift */,
				E1A6766F2C82AA1900494BEC /* Vehicles.swift */,
				E141A8702C81690B002FCE23 /* GameState.swift */,
				E11369E72C8BDDAD00342E97 /* Buildings.swift */,
			);
			path = Models;
			sourceTree = "<group>";
		};
		E1DA29CF2C80E89800AD84A6 /* Utils */ = {
			isa = PBXGroup;
			children = (
			);
			path = Utils;
			sourceTree = "<group>";
		};
		E1DA29D22C8149B900AD84A6 /* Components */ = {
			isa = PBXGroup;
			children = (
				E141A87B2C8170A3002FCE23 /* InventoryItem.swift */,
				E1A676712C82B80E00494BEC /* Vehicle.swift */,
				E11B276B2C869887000C8D0D /* Employee.swift */,
				E11369E52C8BD9F700342E97 /* Building.swift */,
			);
			path = Components;
			sourceTree = "<group>";
		};
/* End PBXGroup section */

/* Begin PBXNativeTarget section */
		E1DA299F2C80E85200AD84A6 /* DetailEmpire */ = {
			isa = PBXNativeTarget;
			buildConfigurationList = E1DA29C42C80E85300AD84A6 /* Build configuration list for PBXNativeTarget "DetailEmpire" */;
			buildPhases = (
				E1DA299C2C80E85200AD84A6 /* Sources */,
				E1DA299D2C80E85200AD84A6 /* Frameworks */,
				E1DA299E2C80E85200AD84A6 /* Resources */,
			);
			buildRules = (
			);
			dependencies = (
			);
			name = DetailEmpire;
			productName = DetailEmpire;
			productReference = E1DA29A02C80E85200AD84A6 /* DetailEmpire.app */;
			productType = "com.apple.product-type.application";
		};
		E1DA29AF2C80E85300AD84A6 /* DetailEmpireTests */ = {
			isa = PBXNativeTarget;
			buildConfigurationList = E1DA29C72C80E85300AD84A6 /* Build configuration list for PBXNativeTarget "DetailEmpireTests" */;
			buildPhases = (
				E1DA29AC2C80E85300AD84A6 /* Sources */,
				E1DA29AD2C80E85300AD84A6 /* Frameworks */,
				E1DA29AE2C80E85300AD84A6 /* Resources */,
			);
			buildRules = (
			);
			dependencies = (
				E1DA29B22C80E85300AD84A6 /* PBXTargetDependency */,
			);
			name = DetailEmpireTests;
			productName = DetailEmpireTests;
			productReference = E1DA29B02C80E85300AD84A6 /* DetailEmpireTests.xctest */;
			productType = "com.apple.product-type.bundle.unit-test";
		};
		E1DA29B92C80E85300AD84A6 /* DetailEmpireUITests */ = {
			isa = PBXNativeTarget;
			buildConfigurationList = E1DA29CA2C80E85300AD84A6 /* Build configuration list for PBXNativeTarget "DetailEmpireUITests" */;
			buildPhases = (
				E1DA29B62C80E85300AD84A6 /* Sources */,
				E1DA29B72C80E85300AD84A6 /* Frameworks */,
				E1DA29B82C80E85300AD84A6 /* Resources */,
			);
			buildRules = (
			);
			dependencies = (
				E1DA29BC2C80E85300AD84A6 /* PBXTargetDependency */,
			);
			name = DetailEmpireUITests;
			productName = DetailEmpireUITests;
			productReference = E1DA29BA2C80E85300AD84A6 /* DetailEmpireUITests.xctest */;
			productType = "com.apple.product-type.bundle.ui-testing";
		};
/* End PBXNativeTarget section */

/* Begin PBXProject section */
		E1DA29982C80E85200AD84A6 /* Project object */ = {
			isa = PBXProject;
			attributes = {
				BuildIndependentTargetsInParallel = 1;
				LastSwiftUpdateCheck = 1540;
				LastUpgradeCheck = 1540;
				TargetAttributes = {
					E1DA299F2C80E85200AD84A6 = {
						CreatedOnToolsVersion = 15.4;
					};
					E1DA29AF2C80E85300AD84A6 = {
						CreatedOnToolsVersion = 15.4;
						TestTargetID = E1DA299F2C80E85200AD84A6;
					};
					E1DA29B92C80E85300AD84A6 = {
						CreatedOnToolsVersion = 15.4;
						TestTargetID = E1DA299F2C80E85200AD84A6;
					};
				};
			};
			buildConfigurationList = E1DA299B2C80E85200AD84A6 /* Build configuration list for PBXProject "DetailEmpire" */;
			compatibilityVersion = "Xcode 14.0";
			developmentRegion = en;
			hasScannedForEncodings = 0;
			knownRegions = (
				en,
				Base,
			);
			mainGroup = E1DA29972C80E85200AD84A6;
			productRefGroup = E1DA29A12C80E85200AD84A6 /* Products */;
			projectDirPath = "";
			projectRoot = "";
			targets = (
				E1DA299F2C80E85200AD84A6 /* DetailEmpire */,
				E1DA29AF2C80E85300AD84A6 /* DetailEmpireTests */,
				E1DA29B92C80E85300AD84A6 /* DetailEmpireUITests */,
			);
		};
/* End PBXProject section */

/* Begin PBXResourcesBuildPhase section */
		E1DA299E2C80E85200AD84A6 /* Resources */ = {
			isa = PBXResourcesBuildPhase;
			buildActionMask = 2147483647;
			files = (
				E1DA29AB2C80E85300AD84A6 /* Preview Assets.xcassets in Resources */,
				E1DA29A82C80E85300AD84A6 /* Assets.xcassets in Resources */,
			);
			runOnlyForDeploymentPostprocessing = 0;
		};
		E1DA29AE2C80E85300AD84A6 /* Resources */ = {
			isa = PBXResourcesBuildPhase;
			buildActionMask = 2147483647;
			files = (
			);
			runOnlyForDeploymentPostprocessing = 0;
		};
		E1DA29B82C80E85300AD84A6 /* Resources */ = {
			isa = PBXResourcesBuildPhase;
			buildActionMask = 2147483647;
			files = (
			);
			runOnlyForDeploymentPostprocessing = 0;
		};
/* End PBXResourcesBuildPhase section */

/* Begin PBXSourcesBuildPhase section */
		E1DA299C2C80E85200AD84A6 /* Sources */ = {
			isa = PBXSourcesBuildPhase;
			buildActionMask = 2147483647;
			files = (
				E1A676702C82AA1900494BEC /* Vehicles.swift in Sources */,
				E141A8782C816F68002FCE23 /* EmployeeView.swift in Sources */,
				E1DA29A62C80E85200AD84A6 /* ContentView.swift in Sources */,
				E1DA29D12C8147F800AD84A6 /* OptionsView.swift in Sources */,
				E141A8712C81690B002FCE23 /* GameState.swift in Sources */,
				E11369E82C8BDDAD00342E97 /* Buildings.swift in Sources */,
				E141A8762C816F25002FCE23 /* WorkView.swift in Sources */,
				E141A87C2C8170A3002FCE23 /* InventoryItem.swift in Sources */,
				E1A676722C82B80E00494BEC /* Vehicle.swift in Sources */,
				E141A8742C816E75002FCE23 /* InventoryView.swift in Sources */,
				E141A86F2C81675A002FCE23 /* GameView.swift in Sources */,
				E1D9C17B2C8E4FC800872DE7 /* StoreEquipmentView.swift in Sources */,
				E141A87A2C816FAE002FCE23 /* StoreView.swift in Sources */,
				E1DA29A42C80E85200AD84A6 /* DetailEmpireApp.swift in Sources */,
				E1A6766B2C82902200494BEC /* StoreItems.swift in Sources */,
				E18975442C8E362C0019C062 /* StoreProductView.swift in Sources */,
				E11B276C2C869887000C8D0D /* Employee.swift in Sources */,
				E141A87E2C81718B002FCE23 /* InventoryItems.swift in Sources */,
				E11369E62C8BD9F700342E97 /* Building.swift in Sources */,
			);
			runOnlyForDeploymentPostprocessing = 0;
		};
		E1DA29AC2C80E85300AD84A6 /* Sources */ = {
			isa = PBXSourcesBuildPhase;
			buildActionMask = 2147483647;
			files = (
				E1DA29B52C80E85300AD84A6 /* DetailEmpireTests.swift in Sources */,
			);
			runOnlyForDeploymentPostprocessing = 0;
		};
		E1DA29B62C80E85300AD84A6 /* Sources */ = {
			isa = PBXSourcesBuildPhase;
			buildActionMask = 2147483647;
			files = (
				E1DA29BF2C80E85300AD84A6 /* DetailEmpireUITests.swift in Sources */,
				E1DA29C12C80E85300AD84A6 /* DetailEmpireUITestsLaunchTests.swift in Sources */,
			);
			runOnlyForDeploymentPostprocessing = 0;
		};
/* End PBXSourcesBuildPhase section */

/* Begin PBXTargetDependency section */
		E1DA29B22C80E85300AD84A6 /* PBXTargetDependency */ = {
			isa = PBXTargetDependency;
			target = E1DA299F2C80E85200AD84A6 /* DetailEmpire */;
			targetProxy = E1DA29B12C80E85300AD84A6 /* PBXContainerItemProxy */;
		};
		E1DA29BC2C80E85300AD84A6 /* PBXTargetDependency */ = {
			isa = PBXTargetDependency;
			target = E1DA299F2C80E85200AD84A6 /* DetailEmpire */;
			targetProxy = E1DA29BB2C80E85300AD84A6 /* PBXContainerItemProxy */;
		};
/* End PBXTargetDependency section */

/* Begin XCBuildConfiguration section */
		E1DA29C22C80E85300AD84A6 /* Debug */ = {
			isa = XCBuildConfiguration;
			buildSettings = {
				ALWAYS_SEARCH_USER_PATHS = NO;
				ASSETCATALOG_COMPILER_GENERATE_SWIFT_ASSET_SYMBOL_EXTENSIONS = YES;
				CLANG_ANALYZER_NONNULL = YES;
				CLANG_ANALYZER_NUMBER_OBJECT_CONVERSION = YES_AGGRESSIVE;
				CLANG_CXX_LANGUAGE_STANDARD = "gnu++20";
				CLANG_ENABLE_MODULES = YES;
				CLANG_ENABLE_OBJC_ARC = YES;
				CLANG_ENABLE_OBJC_WEAK = YES;
				CLANG_WARN_BLOCK_CAPTURE_AUTORELEASING = YES;
				CLANG_WARN_BOOL_CONVERSION = YES;
				CLANG_WARN_COMMA = YES;
				CLANG_WARN_CONSTANT_CONVERSION = YES;
				CLANG_WARN_DEPRECATED_OBJC_IMPLEMENTATIONS = YES;
				CLANG_WARN_DIRECT_OBJC_ISA_USAGE = YES_ERROR;
				CLANG_WARN_DOCUMENTATION_COMMENTS = YES;
				CLANG_WARN_EMPTY_BODY = YES;
				CLANG_WARN_ENUM_CONVERSION = YES;
				CLANG_WARN_INFINITE_RECURSION = YES;
				CLANG_WARN_INT_CONVERSION = YES;
				CLANG_WARN_NON_LITERAL_NULL_CONVERSION = YES;
				CLANG_WARN_OBJC_IMPLICIT_RETAIN_SELF = YES;
				CLANG_WARN_OBJC_LITERAL_CONVERSION = YES;
				CLANG_WARN_OBJC_ROOT_CLASS = YES_ERROR;
				CLANG_WARN_QUOTED_INCLUDE_IN_FRAMEWORK_HEADER = YES;
				CLANG_WARN_RANGE_LOOP_ANALYSIS = YES;
				CLANG_WARN_STRICT_PROTOTYPES = YES;
				CLANG_WARN_SUSPICIOUS_MOVE = YES;
				CLANG_WARN_UNGUARDED_AVAILABILITY = YES_AGGRESSIVE;
				CLANG_WARN_UNREACHABLE_CODE = YES;
				CLANG_WARN__DUPLICATE_METHOD_MATCH = YES;
				COPY_PHASE_STRIP = NO;
				DEBUG_INFORMATION_FORMAT = dwarf;
				ENABLE_STRICT_OBJC_MSGSEND = YES;
				ENABLE_TESTABILITY = YES;
				ENABLE_USER_SCRIPT_SANDBOXING = YES;
				GCC_C_LANGUAGE_STANDARD = gnu17;
				GCC_DYNAMIC_NO_PIC = NO;
				GCC_NO_COMMON_BLOCKS = YES;
				GCC_OPTIMIZATION_LEVEL = 0;
				GCC_PREPROCESSOR_DEFINITIONS = (
					"DEBUG=1",
					"$(inherited)",
				);
				GCC_WARN_64_TO_32_BIT_CONVERSION = YES;
				GCC_WARN_ABOUT_RETURN_TYPE = YES_ERROR;
				GCC_WARN_UNDECLARED_SELECTOR = YES;
				GCC_WARN_UNINITIALIZED_AUTOS = YES_AGGRESSIVE;
				GCC_WARN_UNUSED_FUNCTION = YES;
				GCC_WARN_UNUSED_VARIABLE = YES;
				IPHONEOS_DEPLOYMENT_TARGET = 17.5;
				LOCALIZATION_PREFERS_STRING_CATALOGS = YES;
				MTL_ENABLE_DEBUG_INFO = INCLUDE_SOURCE;
				MTL_FAST_MATH = YES;
				ONLY_ACTIVE_ARCH = YES;
				SDKROOT = iphoneos;
				SWIFT_ACTIVE_COMPILATION_CONDITIONS = "DEBUG $(inherited)";
				SWIFT_OPTIMIZATION_LEVEL = "-Onone";
			};
			name = Debug;
		};
		E1DA29C32C80E85300AD84A6 /* Release */ = {
			isa = XCBuildConfiguration;
			buildSettings = {
				ALWAYS_SEARCH_USER_PATHS = NO;
				ASSETCATALOG_COMPILER_GENERATE_SWIFT_ASSET_SYMBOL_EXTENSIONS = YES;
				CLANG_ANALYZER_NONNULL = YES;
				CLANG_ANALYZER_NUMBER_OBJECT_CONVERSION = YES_AGGRESSIVE;
				CLANG_CXX_LANGUAGE_STANDARD = "gnu++20";
				CLANG_ENABLE_MODULES = YES;
				CLANG_ENABLE_OBJC_ARC = YES;
				CLANG_ENABLE_OBJC_WEAK = YES;
				CLANG_WARN_BLOCK_CAPTURE_AUTORELEASING = YES;
				CLANG_WARN_BOOL_CONVERSION = YES;
				CLANG_WARN_COMMA = YES;
				CLANG_WARN_CONSTANT_CONVERSION = YES;
				CLANG_WARN_DEPRECATED_OBJC_IMPLEMENTATIONS = YES;
				CLANG_WARN_DIRECT_OBJC_ISA_USAGE = YES_ERROR;
				CLANG_WARN_DOCUMENTATION_COMMENTS = YES;
				CLANG_WARN_EMPTY_BODY = YES;
				CLANG_WARN_ENUM_CONVERSION = YES;
				CLANG_WARN_INFINITE_RECURSION = YES;
				CLANG_WARN_INT_CONVERSION = YES;
				CLANG_WARN_NON_LITERAL_NULL_CONVERSION = YES;
				CLANG_WARN_OBJC_IMPLICIT_RETAIN_SELF = YES;
				CLANG_WARN_OBJC_LITERAL_CONVERSION = YES;
				CLANG_WARN_OBJC_ROOT_CLASS = YES_ERROR;
				CLANG_WARN_QUOTED_INCLUDE_IN_FRAMEWORK_HEADER = YES;
				CLANG_WARN_RANGE_LOOP_ANALYSIS = YES;
				CLANG_WARN_STRICT_PROTOTYPES = YES;
				CLANG_WARN_SUSPICIOUS_MOVE = YES;
				CLANG_WARN_UNGUARDED_AVAILABILITY = YES_AGGRESSIVE;
				CLANG_WARN_UNREACHABLE_CODE = YES;
				CLANG_WARN__DUPLICATE_METHOD_MATCH = YES;
				COPY_PHASE_STRIP = NO;
				DEBUG_INFORMATION_FORMAT = "dwarf-with-dsym";
				ENABLE_NS_ASSERTIONS = NO;
				ENABLE_STRICT_OBJC_MSGSEND = YES;
				ENABLE_USER_SCRIPT_SANDBOXING = YES;
				GCC_C_LANGUAGE_STANDARD = gnu17;
				GCC_NO_COMMON_BLOCKS = YES;
				GCC_WARN_64_TO_32_BIT_CONVERSION = YES;
				GCC_WARN_ABOUT_RETURN_TYPE = YES_ERROR;
				GCC_WARN_UNDECLARED_SELECTOR = YES;
				GCC_WARN_UNINITIALIZED_AUTOS = YES_AGGRESSIVE;
				GCC_WARN_UNUSED_FUNCTION = YES;
				GCC_WARN_UNUSED_VARIABLE = YES;
				IPHONEOS_DEPLOYMENT_TARGET = 17.5;
				LOCALIZATION_PREFERS_STRING_CATALOGS = YES;
				MTL_ENABLE_DEBUG_INFO = NO;
				MTL_FAST_MATH = YES;
				SDKROOT = iphoneos;
				SWIFT_COMPILATION_MODE = wholemodule;
				VALIDATE_PRODUCT = YES;
			};
			name = Release;
		};
		E1DA29C52C80E85300AD84A6 /* Debug */ = {
			isa = XCBuildConfiguration;
			buildSettings = {
				ASSETCATALOG_COMPILER_APPICON_NAME = AppIcon;
				ASSETCATALOG_COMPILER_GLOBAL_ACCENT_COLOR_NAME = AccentColor;
				CODE_SIGN_STYLE = Automatic;
				CURRENT_PROJECT_VERSION = 1;
				DEVELOPMENT_ASSET_PATHS = "\"DetailEmpire/Preview Content\"";
				DEVELOPMENT_TEAM = VRTN3V5Q68;
				ENABLE_PREVIEWS = YES;
				GENERATE_INFOPLIST_FILE = YES;
				INFOPLIST_KEY_UIApplicationSceneManifest_Generation = YES;
				INFOPLIST_KEY_UIApplicationSupportsIndirectInputEvents = YES;
				INFOPLIST_KEY_UILaunchScreen_Generation = YES;
				INFOPLIST_KEY_UISupportedInterfaceOrientations_iPad = "UIInterfaceOrientationPortrait UIInterfaceOrientationPortraitUpsideDown UIInterfaceOrientationLandscapeLeft UIInterfaceOrientationLandscapeRight";
				INFOPLIST_KEY_UISupportedInterfaceOrientations_iPhone = "UIInterfaceOrientationPortrait UIInterfaceOrientationLandscapeLeft UIInterfaceOrientationLandscapeRight";
				LD_RUNPATH_SEARCH_PATHS = (
					"$(inherited)",
					"@executable_path/Frameworks",
				);
				MARKETING_VERSION = 1.0;
				PRODUCT_BUNDLE_IDENTIFIER = com.jcb.DetailEmpire;
				PRODUCT_NAME = "$(TARGET_NAME)";
				SWIFT_EMIT_LOC_STRINGS = YES;
				SWIFT_VERSION = 5.0;
				TARGETED_DEVICE_FAMILY = "1,2";
			};
			name = Debug;
		};
		E1DA29C62C80E85300AD84A6 /* Release */ = {
			isa = XCBuildConfiguration;
			buildSettings = {
				ASSETCATALOG_COMPILER_APPICON_NAME = AppIcon;
				ASSETCATALOG_COMPILER_GLOBAL_ACCENT_COLOR_NAME = AccentColor;
				CODE_SIGN_STYLE = Automatic;
				CURRENT_PROJECT_VERSION = 1;
				DEVELOPMENT_ASSET_PATHS = "\"DetailEmpire/Preview Content\"";
				DEVELOPMENT_TEAM = VRTN3V5Q68;
				ENABLE_PREVIEWS = YES;
				GENERATE_INFOPLIST_FILE = YES;
				INFOPLIST_KEY_UIApplicationSceneManifest_Generation = YES;
				INFOPLIST_KEY_UIApplicationSupportsIndirectInputEvents = YES;
				INFOPLIST_KEY_UILaunchScreen_Generation = YES;
				INFOPLIST_KEY_UISupportedInterfaceOrientations_iPad = "UIInterfaceOrientationPortrait UIInterfaceOrientationPortraitUpsideDown UIInterfaceOrientationLandscapeLeft UIInterfaceOrientationLandscapeRight";
				INFOPLIST_KEY_UISupportedInterfaceOrientations_iPhone = "UIInterfaceOrientationPortrait UIInterfaceOrientationLandscapeLeft UIInterfaceOrientationLandscapeRight";
				LD_RUNPATH_SEARCH_PATHS = (
					"$(inherited)",
					"@executable_path/Frameworks",
				);
				MARKETING_VERSION = 1.0;
				PRODUCT_BUNDLE_IDENTIFIER = com.jcb.DetailEmpire;
				PRODUCT_NAME = "$(TARGET_NAME)";
				SWIFT_EMIT_LOC_STRINGS = YES;
				SWIFT_VERSION = 5.0;
				TARGETED_DEVICE_FAMILY = "1,2";
			};
			name = Release;
		};
		E1DA29C82C80E85300AD84A6 /* Debug */ = {
			isa = XCBuildConfiguration;
			buildSettings = {
				ALWAYS_EMBED_SWIFT_STANDARD_LIBRARIES = YES;
				BUNDLE_LOADER = "$(TEST_HOST)";
				CODE_SIGN_STYLE = Automatic;
				CURRENT_PROJECT_VERSION = 1;
				DEVELOPMENT_TEAM = VRTN3V5Q68;
				GENERATE_INFOPLIST_FILE = YES;
				IPHONEOS_DEPLOYMENT_TARGET = 17.5;
				MARKETING_VERSION = 1.0;
				PRODUCT_BUNDLE_IDENTIFIER = com.jcb.DetailEmpireTests;
				PRODUCT_NAME = "$(TARGET_NAME)";
				SWIFT_EMIT_LOC_STRINGS = NO;
				SWIFT_VERSION = 5.0;
				TARGETED_DEVICE_FAMILY = "1,2";
				TEST_HOST = "$(BUILT_PRODUCTS_DIR)/DetailEmpire.app/$(BUNDLE_EXECUTABLE_FOLDER_PATH)/DetailEmpire";
			};
			name = Debug;
		};
		E1DA29C92C80E85300AD84A6 /* Release */ = {
			isa = XCBuildConfiguration;
			buildSettings = {
				ALWAYS_EMBED_SWIFT_STANDARD_LIBRARIES = YES;
				BUNDLE_LOADER = "$(TEST_HOST)";
				CODE_SIGN_STYLE = Automatic;
				CURRENT_PROJECT_VERSION = 1;
				DEVELOPMENT_TEAM = VRTN3V5Q68;
				GENERATE_INFOPLIST_FILE = YES;
				IPHONEOS_DEPLOYMENT_TARGET = 17.5;
				MARKETING_VERSION = 1.0;
				PRODUCT_BUNDLE_IDENTIFIER = com.jcb.DetailEmpireTests;
				PRODUCT_NAME = "$(TARGET_NAME)";
				SWIFT_EMIT_LOC_STRINGS = NO;
				SWIFT_VERSION = 5.0;
				TARGETED_DEVICE_FAMILY = "1,2";
				TEST_HOST = "$(BUILT_PRODUCTS_DIR)/DetailEmpire.app/$(BUNDLE_EXECUTABLE_FOLDER_PATH)/DetailEmpire";
			};
			name = Release;
		};
		E1DA29CB2C80E85300AD84A6 /* Debug */ = {
			isa = XCBuildConfiguration;
			buildSettings = {
				ALWAYS_EMBED_SWIFT_STANDARD_LIBRARIES = YES;
				CODE_SIGN_STYLE = Automatic;
				CURRENT_PROJECT_VERSION = 1;
				DEVELOPMENT_TEAM = VRTN3V5Q68;
				GENERATE_INFOPLIST_FILE = YES;
				MARKETING_VERSION = 1.0;
				PRODUCT_BUNDLE_IDENTIFIER = com.jcb.DetailEmpireUITests;
				PRODUCT_NAME = "$(TARGET_NAME)";
				SWIFT_EMIT_LOC_STRINGS = NO;
				SWIFT_VERSION = 5.0;
				TARGETED_DEVICE_FAMILY = "1,2";
				TEST_TARGET_NAME = DetailEmpire;
			};
			name = Debug;
		};
		E1DA29CC2C80E85300AD84A6 /* Release */ = {
			isa = XCBuildConfiguration;
			buildSettings = {
				ALWAYS_EMBED_SWIFT_STANDARD_LIBRARIES = YES;
				CODE_SIGN_STYLE = Automatic;
				CURRENT_PROJECT_VERSION = 1;
				DEVELOPMENT_TEAM = VRTN3V5Q68;
				GENERATE_INFOPLIST_FILE = YES;
				MARKETING_VERSION = 1.0;
				PRODUCT_BUNDLE_IDENTIFIER = com.jcb.DetailEmpireUITests;
				PRODUCT_NAME = "$(TARGET_NAME)";
				SWIFT_EMIT_LOC_STRINGS = NO;
				SWIFT_VERSION = 5.0;
				TARGETED_DEVICE_FAMILY = "1,2";
				TEST_TARGET_NAME = DetailEmpire;
			};
			name = Release;
		};
/* End XCBuildConfiguration section */

/* Begin XCConfigurationList section */
		E1DA299B2C80E85200AD84A6 /* Build configuration list for PBXProject "DetailEmpire" */ = {
			isa = XCConfigurationList;
			buildConfigurations = (
				E1DA29C22C80E85300AD84A6 /* Debug */,
				E1DA29C32C80E85300AD84A6 /* Release */,
			);
			defaultConfigurationIsVisible = 0;
			defaultConfigurationName = Release;
		};
		E1DA29C42C80E85300AD84A6 /* Build configuration list for PBXNativeTarget "DetailEmpire" */ = {
			isa = XCConfigurationList;
			buildConfigurations = (
				E1DA29C52C80E85300AD84A6 /* Debug */,
				E1DA29C62C80E85300AD84A6 /* Release */,
			);
			defaultConfigurationIsVisible = 0;
			defaultConfigurationName = Release;
		};
		E1DA29C72C80E85300AD84A6 /* Build configuration list for PBXNativeTarget "DetailEmpireTests" */ = {
			isa = XCConfigurationList;
			buildConfigurations = (
				E1DA29C82C80E85300AD84A6 /* Debug */,
				E1DA29C92C80E85300AD84A6 /* Release */,
			);
			defaultConfigurationIsVisible = 0;
			defaultConfigurationName = Release;
		};
		E1DA29CA2C80E85300AD84A6 /* Build configuration list for PBXNativeTarget "DetailEmpireUITests" */ = {
			isa = XCConfigurationList;
			buildConfigurations = (
				E1DA29CB2C80E85300AD84A6 /* Debug */,
				E1DA29CC2C80E85300AD84A6 /* Release */,
			);
			defaultConfigurationIsVisible = 0;
			defaultConfigurationName = Release;
		};
/* End XCConfigurationList section */
	};
	rootObject = E1DA29982C80E85200AD84A6 /* Project object */;
}
